github.com/wader/ansisvg v0.4.0 h1:ikJZzmZdIJjtA/VkQ++keGTyCWlS8o8RUvfF7egctpI=
github.com/wader/ansisvg v0.4.0/go.mod h1:d2ME7Xn72fO37bClumDW6A+g7hzSHsHy+wTW/AyK+KU=
golang.org/x/image v0.37.0 h1:ZiRjArKI8GwxZOoEtUfhrBtaCN+4b/7709dlT6SSnQA=
golang.org/x/image v0.37.0/go.mod h1:/3f6vaXC+6CEanU4KJxbcUZyEePbyKbaLoDOe4ehFYY=
golang.org/x/text v0.35.0 h1:JOVx6vVDFokkpaq1AEptVzLTpDe9KGpj5tR4/X+ybL8=
golang.org/x/text v0.35.0/go.mod h1:khi/HExzZJ2pGnjenulevKNX1W67CUy0AsXcNubPGCA=
